
Microsoft Visual Studio Solution File, Format Version 12.00
# Visual Studio Version 16
VisualStudioVersion = 16.0.30621.155
MinimumVisualStudioVersion = 10.0.40219.1
Project("{FAE04EC0-301F-11D3-BF4B-00C04F79EFBC}") = "naijatradersng", "naijatradersng\naijatradersng.csproj", "{2637636C-4760-45F4-B2E5-5160EEC5F48C}"
EndProject
Global
	GlobalSection(SolutionConfigurationPlatforms) = preSolution
		Debug|Any CPU = Debug|Any CPU
		Release|Any CPU = Release|Any CPU
	EndGlobalSection
	GlobalSection(ProjectConfigurationPlatforms) = postSolution
		{2637636C-4760-45F4-B2E5-5160EEC5F48C}.Debug|Any CPU.ActiveCfg = Debug|Any CPU
		{2637636C-4760-45F4-B2E5-5160EEC5F48C}.Debug|Any CPU.Build.0 = Debug|Any CPU
		{2637636C-4760-45F4-B2E5-5160EEC5F48C}.Release|Any CPU.ActiveCfg = Release|Any CPU
		{2637636C-4760-45F4-B2E5-5160EEC5F48C}.Release|Any CPU.Build.0 = Release|Any CPU
	EndGlobalSection
	GlobalSection(SolutionProperties) = preSolution
		HideSolutionNode = FALSE
	EndGlobalSection
	GlobalSection(ExtensibilityGlobals) = postSolution
		SolutionGuid = {C3582945-3F06-45B9-A495-9B1AA9471045}
	EndGlobalSection
EndGlobal
